
Microsoft Visual Studio Solution File, Format Version 12.00
# Visual Studio Version 17
VisualStudioVersion = 17.1.32328.378
MinimumVisualStudioVersion = 10.0.40219.1
Project("{9A19103F-16F7-4668-BE54-9A1E7A4F7556}") = "BookStore1", "BookStore1\BookStore1.csproj", "{EFB66028-7275-4CE6-8335-273E221769A9}"
EndProject
Project("{2150E333-8FDC-42A3-9474-1A3956D46DE8}") = "Solution Items", "Solution Items", "{146A4F94-855D-436E-BBB2-27EB5A8A1395}"
	ProjectSection(SolutionItems) = preProject
		.editorconfig = .editorconfig
	EndProjectSection
EndProject
Global
	GlobalSection(SolutionConfigurationPlatforms) = preSolution
		Debug|Any CPU = Debug|Any CPU
		Release|Any CPU = Release|Any CPU
	EndGlobalSection
	GlobalSection(ProjectConfigurationPlatforms) = postSolution
		{EFB66028-7275-4CE6-8335-273E221769A9}.Debug|Any CPU.ActiveCfg = Debug|Any CPU
		{EFB66028-7275-4CE6-8335-273E221769A9}.Debug|Any CPU.Build.0 = Debug|Any CPU
		{EFB66028-7275-4CE6-8335-273E221769A9}.Release|Any CPU.ActiveCfg = Release|Any CPU
		{EFB66028-7275-4CE6-8335-273E221769A9}.Release|Any CPU.Build.0 = Release|Any CPU
	EndGlobalSection
	GlobalSection(SolutionProperties) = preSolution
		HideSolutionNode = FALSE
	EndGlobalSection
	GlobalSection(ExtensibilityGlobals) = postSolution
		SolutionGuid = {4FE97001-43C4-4E30-8336-550C2DB1FF7F}
	EndGlobalSection
EndGlobal
